
Microsoft Visual Studio Solution File, Format Version 12.00
# Visual Studio Version 17
VisualStudioVersion = 17.1.32421.90
MinimumVisualStudioVersion = 10.0.40219.1
Project("{FAE04EC0-301F-11D3-BF4B-00C04F79EFBC}") = "DataBaseUI", "DataBaseUI\DataBaseUI.csproj", "{7AB65863-BF8D-4F6E-8F39-8538EC09CD68}"
EndProject
Global
	GlobalSection(SolutionConfigurationPlatforms) = preSolution
		Debug|Any CPU = Debug|Any CPU
		Release|Any CPU = Release|Any CPU
	EndGlobalSection
	GlobalSection(ProjectConfigurationPlatforms) = postSolution
		{7AB65863-BF8D-4F6E-8F39-8538EC09CD68}.Debug|Any CPU.ActiveCfg = Debug|Any CPU
		{7AB65863-BF8D-4F6E-8F39-8538EC09CD68}.Debug|Any CPU.Build.0 = Debug|Any CPU
		{7AB65863-BF8D-4F6E-8F39-8538EC09CD68}.Release|Any CPU.ActiveCfg = Release|Any CPU
		{7AB65863-BF8D-4F6E-8F39-8538EC09CD68}.Release|Any CPU.Build.0 = Release|Any CPU
	EndGlobalSection
	GlobalSection(SolutionProperties) = preSolution
		HideSolutionNode = FALSE
	EndGlobalSection
	GlobalSection(ExtensibilityGlobals) = postSolution
		SolutionGuid = {815FD3F8-99E5-4A9B-9F8B-B2C8AAFECA8A}
	EndGlobalSection
EndGlobal
